PODS:
  - RBIBeacon (0.2.0):
    - ReactiveCocoa (~> 2.3)
  - ReactiveCocoa (2.5):
    - ReactiveCocoa/UI (= 2.5)
  - ReactiveCocoa/Core (2.5):
    - ReactiveCocoa/no-arc
  - ReactiveCocoa/no-arc (2.5)
  - ReactiveCocoa/UI (2.5):
    - ReactiveCocoa/Core

DEPENDENCIES:
  - RBIBeacon (from `../`)

EXTERNAL SOURCES:
  RBIBeacon:
    :path: ../

SPEC CHECKSUMS:
  RBIBeacon: 35153f5bcb6eda3ecadb35956d05727eb982c547
  ReactiveCocoa: e2db045570aa97c695e7aa97c2bcab222ae51f4a

PODFILE CHECKSUM: 5f7e0a01cb5fb24aac526674689486f737c679a0

COCOAPODS: 1.0.1
